// !$*UTF8*$!
{
	archiveVersion = 1;
	classes = {
	};
	objectVersion = 46;
	objects = {

/* Begin PBXBuildFile section */
		789C93F61B132BDD008B1C3F /* AppDelegate.swift in Sources */ = {isa = PBXBuildFile; fileRef = 789C93F51B132BDD008B1C3F /* AppDelegate.swift */; };
		789C93F81B132BDD008B1C3F /* ViewController.swift in Sources */ = {isa = PBXBuildFile; fileRef = 789C93F71B132BDD008B1C3F /* ViewController.swift */; };
		789C93FB1B132BDD008B1C3F /* Main.storyboard in Resources */ = {isa = PBXBuildFile; fileRef = 789C93F91B132BDD008B1C3F /* Main.storyboard */; };
		789C93FD1B132BDD008B1C3F /* Images.xcassets in Resources */ = {isa = PBXBuildFile; fileRef = 789C93FC1B132BDD008B1C3F /* Images.xcassets */; };
		789C94001B132BDD008B1C3F /* LaunchScreen.xib in Resources */ = {isa = PBXBuildFile; fileRef = 789C93FE1B132BDD008B1C3F /* LaunchScreen.xib */; };
		789C940C1B132BDD008B1C3F /* PostcardTests.swift in Sources */ = {isa = PBXBuildFile; fileRef = 789C940B1B132BDD008B1C3F /* PostcardTests.swift */; };
		789C94161B135BCC008B1C3F /* SagradaFamilia.jpeg in Resources */ = {isa = PBXBuildFile; fileRef = 789C94151B135BCC008B1C3F /* SagradaFamilia.jpeg */; };
		789C94181B135EB7008B1C3F /* AlbertEinsteinStamp.jpg in Resources */ = {isa = PBXBuildFile; fileRef = 789C94171B135EB7008B1C3F /* AlbertEinsteinStamp.jpg */; };
/* End PBXBuildFile section */

/* Begin PBXContainerItemProxy section */
		789C94061B132BDD008B1C3F /* PBXContainerItemProxy */ = {
			isa = PBXContainerItemProxy;
			containerPortal = 789C93E81B132BDD008B1C3F /* Project object */;
			proxyType = 1;
			remoteGlobalIDString = 789C93EF1B132BDD008B1C3F;
			remoteInfo = Postcard;
		};
/* End PBXContainerItemProxy section */

/* Begin PBXFileReference section */
		789C93F01B132BDD008B1C3F /* Postcard.app */ = {isa = PBXFileReference; explicitFileType = wrapper.application; includeInIndex = 0; path = Postcard.app; sourceTree = BUILT_PRODUCTS_DIR; };
		789C93F41B132BDD008B1C3F /* Info.plist */ = {isa = PBXFileReference; lastKnownFileType = text.plist.xml; path = Info.plist; sourceTree = "<group>"; };
		789C93F51B132BDD008B1C3F /* AppDelegate.swift */ = {isa = PBXFileReference; lastKnownFileType = sourcecode.swift; path = AppDelegate.swift; sourceTree = "<group>"; };
		789C93F71B132BDD008B1C3F /* ViewController.swift */ = {isa = PBXFileReference; lastKnownFileType = sourcecode.swift; path = ViewController.swift; sourceTree = "<group>"; };
		789C93FA1B132BDD008B1C3F /* Base */ = {isa = PBXFileReference; lastKnownFileType = file.storyboard; name = Base; path = Base.lproj/Main.storyboard; sourceTree = "<group>"; };
		789C93FC1B132BDD008B1C3F /* Images.xcassets */ = {isa = PBXFileReference; lastKnownFileType = folder.assetcatalog; path = Images.xcassets; sourceTree = "<group>"; };
		789C93FF1B132BDD008B1C3F /* Base */ = {isa = PBXFileReference; lastKnownFileType = file.xib; name = Base; path = Base.lproj/LaunchScreen.xib; sourceTree = "<group>"; };
		789C94051B132BDD008B1C3F /* PostcardTests.xctest */ = {isa = PBXFileReference; explicitFileType = wrapper.cfbundle; includeInIndex = 0; path = PostcardTests.xctest; sourceTree = BUILT_PRODUCTS_DIR; };
		789C940A1B132BDD008B1C3F /* Info.plist */ = {isa = PBXFileReference; lastKnownFileType = text.plist.xml; path = Info.plist; sourceTree = "<group>"; };
		789C940B1B132BDD008B1C3F /* PostcardTests.swift */ = {isa = PBXFileReference; lastKnownFileType = sourcecode.swift; path = PostcardTests.swift; sourceTree = "<group>"; };
		789C94151B135BCC008B1C3F /* SagradaFamilia.jpeg */ = {isa = PBXFileReference; lastKnownFileType = image.jpeg; path = SagradaFamilia.jpeg; sourceTree = "<group>"; };
		789C94171B135EB7008B1C3F /* AlbertEinsteinStamp.jpg */ = {isa = PBXFileReference; lastKnownFileType = image.jpeg; path = AlbertEinsteinStamp.jpg; sourceTree = "<group>"; };
/* End PBXFileReference section */

/* Begin PBXFrameworksBuildPhase section */
		789C93ED1B132BDD008B1C3F /* Frameworks */ = {
			isa = PBXFrameworksBuildPhase;
			buildActionMask = 2147483647;
			files = (
			);
			runOnlyForDeploymentPostprocessing = 0;
		};
		789C94021B132BDD008B1C3F /* Frameworks */ = {
			isa = PBXFrameworksBuildPhase;
			buildActionMask = 2147483647;
			files = (
			);
			runOnlyForDeploymentPostprocessing = 0;
		};
/* End PBXFrameworksBuildPhase section */

/* Begin PBXGroup section */
		789C93E71B132BDD008B1C3F = {
			isa = PBXGroup;
			children = (
				789C93F21B132BDD008B1C3F /* Postcard */,
				789C94081B132BDD008B1C3F /* PostcardTests */,
				789C93F11B132BDD008B1C3F /* Products */,
			);
			sourceTree = "<group>";
		};
		789C93F11B132BDD008B1C3F /* Products */ = {
			isa = PBXGroup;
			children = (
				789C93F01B132BDD008B1C3F /* Postcard.app */,
				789C94051B132BDD008B1C3F /* PostcardTests.xctest */,
			);
			name = Products;
			sourceTree = "<group>";
		};
		789C93F21B132BDD008B1C3F /* Postcard */ = {
			isa = PBXGroup;
			children = (
				789C93F51B132BDD008B1C3F /* AppDelegate.swift */,
				789C93F71B132BDD008B1C3F /* ViewController.swift */,
				789C93F91B132BDD008B1C3F /* Main.storyboard */,
				789C93FC1B132BDD008B1C3F /* Images.xcassets */,
				789C93FE1B132BDD008B1C3F /* LaunchScreen.xib */,
				789C93F31B132BDD008B1C3F /* Supporting Files */,
			);
			path = Postcard;
			sourceTree = "<group>";
		};
		789C93F31B132BDD008B1C3F /* Supporting Files */ = {
			isa = PBXGroup;
			children = (
				789C94171B135EB7008B1C3F /* AlbertEinsteinStamp.jpg */,
				789C94151B135BCC008B1C3F /* SagradaFamilia.jpeg */,
				789C93F41B132BDD008B1C3F /* Info.plist */,
			);
			name = "Supporting Files";
			sourceTree = "<group>";
		};
		789C94081B132BDD008B1C3F /* PostcardTests */ = {
			isa = PBXGroup;
			children = (
				789C940B1B132BDD008B1C3F /* PostcardTests.swift */,
				789C94091B132BDD008B1C3F /* Supporting Files */,
			);
			path = PostcardTests;
			sourceTree = "<group>";
		};
		789C94091B132BDD008B1C3F /* Supporting Files */ = {
			isa = PBXGroup;
			children = (
				789C940A1B132BDD008B1C3F /* Info.plist */,
			);
			name = "Supporting Files";
			sourceTree = "<group>";
		};
/* End PBXGroup section */

/* Begin PBXNativeTarget section */
		789C93EF1B132BDD008B1C3F /* Postcard */ = {
			isa = PBXNativeTarget;
			buildConfigurationList = 789C940F1B132BDD008B1C3F /* Build configuration list for PBXNativeTarget "Postcard" */;
			buildPhases = (
				789C93EC1B132BDD008B1C3F /* Sources */,
				789C93ED1B132BDD008B1C3F /* Frameworks */,
				789C93EE1B132BDD008B1C3F /* Resources */,
			);
			buildRules = (
			);
			dependencies = (
			);
			name = Postcard;
			productName = Postcard;
			productReference = 789C93F01B132BDD008B1C3F /* Postcard.app */;
			productType = "com.apple.product-type.application";
		};
		789C94041B132BDD008B1C3F /* PostcardTests */ = {
			isa = PBXNativeTarget;
			buildConfigurationList = 789C94121B132BDD008B1C3F /* Build configuration list for PBXNativeTarget "PostcardTests" */;
			buildPhases = (
				789C94011B132BDD008B1C3F /* Sources */,
				789C94021B132BDD008B1C3F /* Frameworks */,
				789C94031B132BDD008B1C3F /* Resources */,
			);
			buildRules = (
			);
			dependencies = (
				789C94071B132BDD008B1C3F /* PBXTargetDependency */,
			);
			name = PostcardTests;
			productName = PostcardTests;
			productReference = 789C94051B132BDD008B1C3F /* PostcardTests.xctest */;
			productType = "com.apple.product-type.bundle.unit-test";
		};
/* End PBXNativeTarget section */

/* Begin PBXProject section */
		789C93E81B132BDD008B1C3F /* Project object */ = {
			isa = PBXProject;
			attributes = {
				LastUpgradeCheck = 0620;
				ORGANIZATIONNAME = "Chris Tan";
				TargetAttributes = {
					789C93EF1B132BDD008B1C3F = {
						CreatedOnToolsVersion = 6.2;
					};
					789C94041B132BDD008B1C3F = {
						CreatedOnToolsVersion = 6.2;
						TestTargetID = 789C93EF1B132BDD008B1C3F;
					};
				};
			};
			buildConfigurationList = 789C93EB1B132BDD008B1C3F /* Build configuration list for PBXProject "Postcard" */;
			compatibilityVersion = "Xcode 3.2";
			developmentRegion = English;
			hasScannedForEncodings = 0;
			knownRegions = (
				en,
				Base,
			);
			mainGroup = 789C93E71B132BDD008B1C3F;
			productRefGroup = 789C93F11B132BDD008B1C3F /* Products */;
			projectDirPath = "";
			projectRoot = "";
			targets = (
				789C93EF1B132BDD008B1C3F /* Postcard */,
				789C94041B132BDD008B1C3F /* PostcardTests */,
			);
		};
/* End PBXProject section */

/* Begin PBXResourcesBuildPhase section */
		789C93EE1B132BDD008B1C3F /* Resources */ = {
			isa = PBXResourcesBuildPhase;
			buildActionMask = 2147483647;
			files = (
				789C93FB1B132BDD008B1C3F /* Main.storyboard in Resources */,
				789C94161B135BCC008B1C3F /* SagradaFamilia.jpeg in Resources */,
				789C94181B135EB7008B1C3F /* AlbertEinsteinStamp.jpg in Resources */,
				789C94001B132BDD008B1C3F /* LaunchScreen.xib in Resources */,
				789C93FD1B132BDD008B1C3F /* Images.xcassets in Resources */,
			);
			runOnlyForDeploymentPostprocessing = 0;
		};
		789C94031B132BDD008B1C3F /* Resources */ = {
			isa = PBXResourcesBuildPhase;
			buildActionMask = 2147483647;
			files = (
			);
			runOnlyForDeploymentPostprocessing = 0;
		};
/* End PBXResourcesBuildPhase section */

/* Begin PBXSourcesBuildPhase section */
		789C93EC1B132BDD008B1C3F /* Sources */ = {
			isa = PBXSourcesBuildPhase;
			buildActionMask = 2147483647;
			files = (
				789C93F81B132BDD008B1C3F /* ViewController.swift in Sources */,
				789C93F61B132BDD008B1C3F /* AppDelegate.swift in Sources */,
			);
			runOnlyForDeploymentPostprocessing = 0;
		};
		789C94011B132BDD008B1C3F /* Sources */ = {
			isa = PBXSourcesBuildPhase;
			buildActionMask = 2147483647;
			files = (
				789C940C1B132BDD008B1C3F /* PostcardTests.swift in Sources */,
			);
			runOnlyForDeploymentPostprocessing = 0;
		};
/* End PBXSourcesBuildPhase section */

/* Begin PBXTargetDependency section */
		789C94071B132BDD008B1C3F /* PBXTargetDependency */ = {
			isa = PBXTargetDependency;
			target = 789C93EF1B132BDD008B1C3F /* Postcard */;
			targetProxy = 789C94061B132BDD008B1C3F /* PBXContainerItemProxy */;
		};
/* End PBXTargetDependency section */

/* Begin PBXVariantGroup section */
		789C93F91B132BDD008B1C3F /* Main.storyboard */ = {
			isa = PBXVariantGroup;
			children = (
				789C93FA1B132BDD008B1C3F /* Base */,
			);
			name = Main.storyboard;
			sourceTree = "<group>";
		};
		789C93FE1B132BDD008B1C3F /* LaunchScreen.xib */ = {
			isa = PBXVariantGroup;
			children = (
				789C93FF1B132BDD008B1C3F /* Base */,
			);
			name = LaunchScreen.xib;
			sourceTree = "<group>";
		};
/* End PBXVariantGroup section */

/* Begin XCBuildConfiguration section */
		789C940D1B132BDD008B1C3F /* Debug */ = {
			isa = XCBuildConfiguration;
			buildSettings = {
				ALWAYS_SEARCH_USER_PATHS = NO;
				CLANG_CXX_LANGUAGE_STANDARD = "gnu++0x";
				CLANG_CXX_LIBRARY = "libc++";
				CLANG_ENABLE_MODULES = YES;
				CLANG_ENABLE_OBJC_ARC = YES;
				CLANG_WARN_BOOL_CONVERSION = YES;
				CLANG_WARN_CONSTANT_CONVERSION = YES;
				CLANG_WARN_DIRECT_OBJC_ISA_USAGE = YES_ERROR;
				CLANG_WARN_EMPTY_BODY = YES;
				CLANG_WARN_ENUM_CONVERSION = YES;
				CLANG_WARN_INT_CONVERSION = YES;
				CLANG_WARN_OBJC_ROOT_CLASS = YES_ERROR;
				CLANG_WARN_UNREACHABLE_CODE = YES;
				CLANG_WARN__DUPLICATE_METHOD_MATCH = YES;
				"CODE_SIGN_IDENTITY[sdk=iphoneos*]" = "iPhone Developer";
				COPY_PHASE_STRIP = NO;
				ENABLE_STRICT_OBJC_MSGSEND = YES;
				GCC_C_LANGUAGE_STANDARD = gnu99;
				GCC_DYNAMIC_NO_PIC = NO;
				GCC_OPTIMIZATION_LEVEL = 0;
				GCC_PREPROCESSOR_DEFINITIONS = (
					"DEBUG=1",
					"$(inherited)",
				);
				GCC_SYMBOLS_PRIVATE_EXTERN = NO;
				GCC_WARN_64_TO_32_BIT_CONVERSION = YES;
				GCC_WARN_ABOUT_RETURN_TYPE = YES_ERROR;
				GCC_WARN_UNDECLARED_SELECTOR = YES;
				GCC_WARN_UNINITIALIZED_AUTOS = YES_AGGRESSIVE;
				GCC_WARN_UNUSED_FUNCTION = YES;
				GCC_WARN_UNUSED_VARIABLE = YES;
				IPHONEOS_DEPLOYMENT_TARGET = 8.2;
				MTL_ENABLE_DEBUG_INFO = YES;
				ONLY_ACTIVE_ARCH = YES;
				SDKROOT = iphoneos;
				SWIFT_OPTIMIZATION_LEVEL = "-Onone";
				TARGETED_DEVICE_FAMILY = "1,2";
			};
			name = Debug;
		};
		789C940E1B132BDD008B1C3F /* Release */ = {
			isa = XCBuildConfiguration;
			buildSettings = {
				ALWAYS_SEARCH_USER_PATHS = NO;
				CLANG_CXX_LANGUAGE_STANDARD = "gnu++0x";
				CLANG_CXX_LIBRARY = "libc++";
				CLANG_ENABLE_MODULES = YES;
				CLANG_ENABLE_OBJC_ARC = YES;
				CLANG_WARN_BOOL_CONVERSION = YES;
				CLANG_WARN_CONSTANT_CONVERSION = YES;
				CLANG_WARN_DIRECT_OBJC_ISA_USAGE = YES_ERROR;
				CLANG_WARN_EMPTY_BODY = YES;
				CLANG_WARN_ENUM_CONVERSION = YES;
				CLANG_WARN_INT_CONVERSION = YES;
				CLANG_WARN_OBJC_ROOT_CLASS = YES_ERROR;
				CLANG_WARN_UNREACHABLE_CODE = YES;
				CLANG_WARN__DUPLICATE_METHOD_MATCH = YES;
				"CODE_SIGN_IDENTITY[sdk=iphoneos*]" = "iPhone Developer";
				COPY_PHASE_STRIP = NO;
				ENABLE_NS_ASSERTIONS = NO;
				ENABLE_STRICT_OBJC_MSGSEND = YES;
				GCC_C_LANGUAGE_STANDARD = gnu99;
				GCC_WARN_64_TO_32_BIT_CONVERSION = YES;
				GCC_WARN_ABOUT_RETURN_TYPE = YES_ERROR;
				GCC_WARN_UNDECLARED_SELECTOR = YES;
				GCC_WARN_UNINITIALIZED_AUTOS = YES_AGGRESSIVE;
				GCC_WARN_UNUSED_FUNCTION = YES;
				GCC_WARN_UNUSED_VARIABLE = YES;
				IPHONEOS_DEPLOYMENT_TARGET = 8.2;
				MTL_ENABLE_DEBUG_INFO = NO;
				SDKROOT = iphoneos;
				TARGETED_DEVICE_FAMILY = "1,2";
				VALIDATE_PRODUCT = YES;
			};
			name = Release;
		};
		789C94101B132BDD008B1C3F /* Debug */ = {
			isa = XCBuildConfiguration;
			buildSettings = {
				ASSETCATALOG_COMPILER_APPICON_NAME = AppIcon;
				INFOPLIST_FILE = Postcard/Info.plist;
				LD_RUNPATH_SEARCH_PATHS = "$(inherited) @executable_path/Frameworks";
				PRODUCT_NAME = "$(TARGET_NAME)";
			};
			name = Debug;
		};
		789C94111B132BDD008B1C3F /* Release */ = {
			isa = XCBuildConfiguration;
			buildSettings = {
				ASSETCATALOG_COMPILER_APPICON_NAME = AppIcon;
				INFOPLIST_FILE = Postcard/Info.plist;
				LD_RUNPATH_SEARCH_PATHS = "$(inherited) @executable_path/Frameworks";
				PRODUCT_NAME = "$(TARGET_NAME)";
			};
			name = Release;
		};
		789C94131B132BDD008B1C3F /* Debug */ = {
			isa = XCBuildConfiguration;
			buildSettings = {
				BUNDLE_LOADER = "$(TEST_HOST)";
				FRAMEWORK_SEARCH_PATHS = (
					"$(SDKROOT)/Developer/Library/Frameworks",
					"$(inherited)",
				);
				GCC_PREPROCESSOR_DEFINITIONS = (
					"DEBUG=1",
					"$(inherited)",
				);
				INFOPLIST_FILE = PostcardTests/Info.plist;
				LD_RUNPATH_SEARCH_PATHS = "$(inherited) @executable_path/Frameworks @loader_path/Frameworks";
				PRODUCT_NAME = "$(TARGET_NAME)";
				TEST_HOST = "$(BUILT_PRODUCTS_DIR)/Postcard.app/Postcard";
			};
			name = Debug;
		};
		789C94141B132BDD008B1C3F /* Release */ = {
			isa = XCBuildConfiguration;
			buildSettings = {
				BUNDLE_LOADER = "$(TEST_HOST)";
				FRAMEWORK_SEARCH_PATHS = (
					"$(SDKROOT)/Developer/Library/Frameworks",
					"$(inherited)",
				);
				INFOPLIST_FILE = PostcardTests/Info.plist;
				LD_RUNPATH_SEARCH_PATHS = "$(inherited) @executable_path/Frameworks @loader_path/Frameworks";
				PRODUCT_NAME = "$(TARGET_NAME)";
				TEST_HOST = "$(BUILT_PRODUCTS_DIR)/Postcard.app/Postcard";
			};
			name = Release;
		};
/* End XCBuildConfiguration section */

/* Begin XCConfigurationList section */
		789C93EB1B132BDD008B1C3F /* Build configuration list for PBXProject "Postcard" */ = {
			isa = XCConfigurationList;
			buildConfigurations = (
				789C940D1B132BDD008B1C3F /* Debug */,
				789C940E1B132BDD008B1C3F /* Release */,
			);
			defaultConfigurationIsVisible = 0;
			defaultConfigurationName = Release;
		};
		789C940F1B132BDD008B1C3F /* Build configuration list for PBXNativeTarget "Postcard" */ = {
			isa = XCConfigurationList;
			buildConfigurations = (
				789C94101B132BDD008B1C3F /* Debug */,
				789C94111B132BDD008B1C3F /* Release */,
			);
			defaultConfigurationIsVisible = 0;
		};
		789C94121B132BDD008B1C3F /* Build configuration list for PBXNativeTarget "PostcardTests" */ = {
			isa = XCConfigurationList;
			buildConfigurations = (
				789C94131B132BDD008B1C3F /* Debug */,
				789C94141B132BDD008B1C3F /* Release */,
			);
			defaultConfigurationIsVisible = 0;
		};
/* End XCConfigurationList section */
	};
	rootObject = 789C93E81B132BDD008B1C3F /* Project object */;
}
